// !$*UTF8*$!
{
	archiveVersion = 1;
	classes = {
	};
	objectVersion = 46;
	objects = {

/* Begin PBXBuildFile section */
		0E3EAB471E88BDCD00BC16F5 /* AppDelegate.swift in Sources */ = {isa = PBXBuildFile; fileRef = 0E3EAB461E88BDCD00BC16F5 /* AppDelegate.swift */; };
		0E3EAB491E88BDCD00BC16F5 /* ViewController.swift in Sources */ = {isa = PBXBuildFile; fileRef = 0E3EAB481E88BDCD00BC16F5 /* ViewController.swift */; };
		0E3EAB4C1E88BDCD00BC16F5 /* Main.storyboard in Resources */ = {isa = PBXBuildFile; fileRef = 0E3EAB4A1E88BDCD00BC16F5 /* Main.storyboard */; };
		0E3EAB4E1E88BDCD00BC16F5 /* Assets.xcassets in Resources */ = {isa = PBXBuildFile; fileRef = 0E3EAB4D1E88BDCD00BC16F5 /* Assets.xcassets */; };
		0E3EAB511E88BDCD00BC16F5 /* LaunchScreen.storyboard in Resources */ = {isa = PBXBuildFile; fileRef = 0E3EAB4F1E88BDCD00BC16F5 /* LaunchScreen.storyboard */; };
		0E3EAB5C1E88BDCD00BC16F5 /* ___Tests.swift in Sources */ = {isa = PBXBuildFile; fileRef = 0E3EAB5B1E88BDCD00BC16F5 /* ___Tests.swift */; };
		0E3EAB671E88BDCD00BC16F5 /* ___UITests.swift in Sources */ = {isa = PBXBuildFile; fileRef = 0E3EAB661E88BDCD00BC16F5 /* ___UITests.swift */; };
/* End PBXBuildFile section */

/* Begin PBXContainerItemProxy section */
		0E3EAB581E88BDCD00BC16F5 /* PBXContainerItemProxy */ = {
			isa = PBXContainerItemProxy;
			containerPortal = 0E3EAB3B1E88BDCC00BC16F5 /* Project object */;
			proxyType = 1;
			remoteGlobalIDString = 0E3EAB421E88BDCC00BC16F5;
			remoteInfo = "计分器";
		};
		0E3EAB631E88BDCD00BC16F5 /* PBXContainerItemProxy */ = {
			isa = PBXContainerItemProxy;
			containerPortal = 0E3EAB3B1E88BDCC00BC16F5 /* Project object */;
			proxyType = 1;
			remoteGlobalIDString = 0E3EAB421E88BDCC00BC16F5;
			remoteInfo = "计分器";
		};
/* End PBXContainerItemProxy section */

/* Begin PBXFileReference section */
		0E3EAB431E88BDCC00BC16F5 /* 计分器.app */ = {isa = PBXFileReference; explicitFileType = wrapper.application; includeInIndex = 0; path = "计分器.app"; sourceTree = BUILT_PRODUCTS_DIR; };
		0E3EAB461E88BDCD00BC16F5 /* AppDelegate.swift */ = {isa = PBXFileReference; lastKnownFileType = sourcecode.swift; path = AppDelegate.swift; sourceTree = "<group>"; };
		0E3EAB481E88BDCD00BC16F5 /* ViewController.swift */ = {isa = PBXFileReference; lastKnownFileType = sourcecode.swift; path = ViewController.swift; sourceTree = "<group>"; };
		0E3EAB4B1E88BDCD00BC16F5 /* Base */ = {isa = PBXFileReference; lastKnownFileType = file.storyboard; name = Base; path = Base.lproj/Main.storyboard; sourceTree = "<group>"; };
		0E3EAB4D1E88BDCD00BC16F5 /* Assets.xcassets */ = {isa = PBXFileReference; lastKnownFileType = folder.assetcatalog; path = Assets.xcassets; sourceTree = "<group>"; };
		0E3EAB501E88BDCD00BC16F5 /* Base */ = {isa = PBXFileReference; lastKnownFileType = file.storyboard; name = Base; path = Base.lproj/LaunchScreen.storyboard; sourceTree = "<group>"; };
		0E3EAB521E88BDCD00BC16F5 /* Info.plist */ = {isa = PBXFileReference; lastKnownFileType = text.plist.xml; path = Info.plist; sourceTree = "<group>"; };
		0E3EAB571E88BDCD00BC16F5 /* 计分器Tests.xctest */ = {isa = PBXFileReference; explicitFileType = wrapper.cfbundle; includeInIndex = 0; path = "计分器Tests.xctest"; sourceTree = BUILT_PRODUCTS_DIR; };
		0E3EAB5B1E88BDCD00BC16F5 /* ___Tests.swift */ = {isa = PBXFileReference; lastKnownFileType = sourcecode.swift; path = "___Tests.swift"; sourceTree = "<group>"; };
		0E3EAB5D1E88BDCD00BC16F5 /* Info.plist */ = {isa = PBXFileReference; lastKnownFileType = text.plist.xml; path = Info.plist; sourceTree = "<group>"; };
		0E3EAB621E88BDCD00BC16F5 /* 计分器UITests.xctest */ = {isa = PBXFileReference; explicitFileType = wrapper.cfbundle; includeInIndex = 0; path = "计分器UITests.xctest"; sourceTree = BUILT_PRODUCTS_DIR; };
		0E3EAB661E88BDCD00BC16F5 /* ___UITests.swift */ = {isa = PBXFileReference; lastKnownFileType = sourcecode.swift; path = "___UITests.swift"; sourceTree = "<group>"; };
		0E3EAB681E88BDCD00BC16F5 /* Info.plist */ = {isa = PBXFileReference; lastKnownFileType = text.plist.xml; path = Info.plist; sourceTree = "<group>"; };
/* End PBXFileReference section */

/* Begin PBXFrameworksBuildPhase section */
		0E3EAB401E88BDCC00BC16F5 /* Frameworks */ = {
			isa = PBXFrameworksBuildPhase;
			buildActionMask = 2147483647;
			files = (
			);
			runOnlyForDeploymentPostprocessing = 0;
		};
		0E3EAB541E88BDCD00BC16F5 /* Frameworks */ = {
			isa = PBXFrameworksBuildPhase;
			buildActionMask = 2147483647;
			files = (
			);
			runOnlyForDeploymentPostprocessing = 0;
		};
		0E3EAB5F1E88BDCD00BC16F5 /* Frameworks */ = {
			isa = PBXFrameworksBuildPhase;
			buildActionMask = 2147483647;
			files = (
			);
			runOnlyForDeploymentPostprocessing = 0;
		};
/* End PBXFrameworksBuildPhase section */

/* Begin PBXGroup section */
		0E3EAB3A1E88BDCC00BC16F5 = {
			isa = PBXGroup;
			children = (
				0E3EAB451E88BDCC00BC16F5 /* 计分器 */,
				0E3EAB5A1E88BDCD00BC16F5 /* 计分器Tests */,
				0E3EAB651E88BDCD00BC16F5 /* 计分器UITests */,
				0E3EAB441E88BDCC00BC16F5 /* Products */,
			);
			sourceTree = "<group>";
		};
		0E3EAB441E88BDCC00BC16F5 /* Products */ = {
			isa = PBXGroup;
			children = (
				0E3EAB431E88BDCC00BC16F5 /* 计分器.app */,
				0E3EAB571E88BDCD00BC16F5 /* 计分器Tests.xctest */,
				0E3EAB621E88BDCD00BC16F5 /* 计分器UITests.xctest */,
			);
			name = Products;
			sourceTree = "<group>";
		};
		0E3EAB451E88BDCC00BC16F5 /* 计分器 */ = {
			isa = PBXGroup;
			children = (
				0E3EAB461E88BDCD00BC16F5 /* AppDelegate.swift */,
				0E3EAB481E88BDCD00BC16F5 /* ViewController.swift */,
				0E3EAB4A1E88BDCD00BC16F5 /* Main.storyboard */,
				0E3EAB4D1E88BDCD00BC16F5 /* Assets.xcassets */,
				0E3EAB4F1E88BDCD00BC16F5 /* LaunchScreen.storyboard */,
				0E3EAB521E88BDCD00BC16F5 /* Info.plist */,
			);
			path = "计分器";
			sourceTree = "<group>";
		};
		0E3EAB5A1E88BDCD00BC16F5 /* 计分器Tests */ = {
			isa = PBXGroup;
			children = (
				0E3EAB5B1E88BDCD00BC16F5 /* ___Tests.swift */,
				0E3EAB5D1E88BDCD00BC16F5 /* Info.plist */,
			);
			path = "计分器Tests";
			sourceTree = "<group>";
		};
		0E3EAB651E88BDCD00BC16F5 /* 计分器UITests */ = {
			isa = PBXGroup;
			children = (
				0E3EAB661E88BDCD00BC16F5 /* ___UITests.swift */,
				0E3EAB681E88BDCD00BC16F5 /* Info.plist */,
			);
			path = "计分器UITests";
			sourceTree = "<group>";
		};
/* End PBXGroup section */

/* Begin PBXNativeTarget section */
		0E3EAB421E88BDCC00BC16F5 /* 计分器 */ = {
			isa = PBXNativeTarget;
			buildConfigurationList = 0E3EAB6B1E88BDCD00BC16F5 /* Build configuration list for PBXNativeTarget "计分器" */;
			buildPhases = (
				0E3EAB3F1E88BDCC00BC16F5 /* Sources */,
				0E3EAB401E88BDCC00BC16F5 /* Frameworks */,
				0E3EAB411E88BDCC00BC16F5 /* Resources */,
			);
			buildRules = (
			);
			dependencies = (
			);
			name = "计分器";
			productName = "计分器";
			productReference = 0E3EAB431E88BDCC00BC16F5 /* 计分器.app */;
			productType = "com.apple.product-type.application";
		};
		0E3EAB561E88BDCD00BC16F5 /* 计分器Tests */ = {
			isa = PBXNativeTarget;
			buildConfigurationList = 0E3EAB6E1E88BDCD00BC16F5 /* Build configuration list for PBXNativeTarget "计分器Tests" */;
			buildPhases = (
				0E3EAB531E88BDCD00BC16F5 /* Sources */,
				0E3EAB541E88BDCD00BC16F5 /* Frameworks */,
				0E3EAB551E88BDCD00BC16F5 /* Resources */,
			);
			buildRules = (
			);
			dependencies = (
				0E3EAB591E88BDCD00BC16F5 /* PBXTargetDependency */,
			);
			name = "计分器Tests";
			productName = "计分器Tests";
			productReference = 0E3EAB571E88BDCD00BC16F5 /* 计分器Tests.xctest */;
			productType = "com.apple.product-type.bundle.unit-test";
		};
		0E3EAB611E88BDCD00BC16F5 /* 计分器UITests */ = {
			isa = PBXNativeTarget;
			buildConfigurationList = 0E3EAB711E88BDCD00BC16F5 /* Build configuration list for PBXNativeTarget "计分器UITests" */;
			buildPhases = (
				0E3EAB5E1E88BDCD00BC16F5 /* Sources */,
				0E3EAB5F1E88BDCD00BC16F5 /* Frameworks */,
				0E3EAB601E88BDCD00BC16F5 /* Resources */,
			);
			buildRules = (
			);
			dependencies = (
				0E3EAB641E88BDCD00BC16F5 /* PBXTargetDependency */,
			);
			name = "计分器UITests";
			productName = "计分器UITests";
			productReference = 0E3EAB621E88BDCD00BC16F5 /* 计分器UITests.xctest */;
			productType = "com.apple.product-type.bundle.ui-testing";
		};
/* End PBXNativeTarget section */

/* Begin PBXProject section */
		0E3EAB3B1E88BDCC00BC16F5 /* Project object */ = {
			isa = PBXProject;
			attributes = {
				LastSwiftUpdateCheck = 0820;
				LastUpgradeCheck = 0820;
				ORGANIZATIONNAME = s20151104707;
				TargetAttributes = {
					0E3EAB421E88BDCC00BC16F5 = {
						CreatedOnToolsVersion = 8.2.1;
						ProvisioningStyle = Automatic;
					};
					0E3EAB561E88BDCD00BC16F5 = {
						CreatedOnToolsVersion = 8.2.1;
						ProvisioningStyle = Automatic;
						TestTargetID = 0E3EAB421E88BDCC00BC16F5;
					};
					0E3EAB611E88BDCD00BC16F5 = {
						CreatedOnToolsVersion = 8.2.1;
						ProvisioningStyle = Automatic;
						TestTargetID = 0E3EAB421E88BDCC00BC16F5;
					};
				};
			};
			buildConfigurationList = 0E3EAB3E1E88BDCC00BC16F5 /* Build configuration list for PBXProject "计分器" */;
			compatibilityVersion = "Xcode 3.2";
			developmentRegion = English;
			hasScannedForEncodings = 0;
			knownRegions = (
				en,
				Base,
			);
			mainGroup = 0E3EAB3A1E88BDCC00BC16F5;
			productRefGroup = 0E3EAB441E88BDCC00BC16F5 /* Products */;
			projectDirPath = "";
			projectRoot = "";
			targets = (
				0E3EAB421E88BDCC00BC16F5 /* 计分器 */,
				0E3EAB561E88BDCD00BC16F5 /* 计分器Tests */,
				0E3EAB611E88BDCD00BC16F5 /* 计分器UITests */,
			);
		};
/* End PBXProject section */

/* Begin PBXResourcesBuildPhase section */
		0E3EAB411E88BDCC00BC16F5 /* Resources */ = {
			isa = PBXResourcesBuildPhase;
			buildActionMask = 2147483647;
			files = (
				0E3EAB511E88BDCD00BC16F5 /* LaunchScreen.storyboard in Resources */,
				0E3EAB4E1E88BDCD00BC16F5 /* Assets.xcassets in Resources */,
				0E3EAB4C1E88BDCD00BC16F5 /* Main.storyboard in Resources */,
			);
			runOnlyForDeploymentPostprocessing = 0;
		};
		0E3EAB551E88BDCD00BC16F5 /* Resources */ = {
			isa = PBXResourcesBuildPhase;
			buildActionMask = 2147483647;
			files = (
			);
			runOnlyForDeploymentPostprocessing = 0;
		};
		0E3EAB601E88BDCD00BC16F5 /* Resources */ = {
			isa = PBXResourcesBuildPhase;
			buildActionMask = 2147483647;
			files = (
			);
			runOnlyForDeploymentPostprocessing = 0;
		};
/* End PBXResourcesBuildPhase section */

/* Begin PBXSourcesBuildPhase section */
		0E3EAB3F1E88BDCC00BC16F5 /* Sources */ = {
			isa = PBXSourcesBuildPhase;
			buildActionMask = 2147483647;
			files = (
				0E3EAB491E88BDCD00BC16F5 /* ViewController.swift in Sources */,
				0E3EAB471E88BDCD00BC16F5 /* AppDelegate.swift in Sources */,
			);
			runOnlyForDeploymentPostprocessing = 0;
		};
		0E3EAB531E88BDCD00BC16F5 /* Sources */ = {
			isa = PBXSourcesBuildPhase;
			buildActionMask = 2147483647;
			files = (
				0E3EAB5C1E88BDCD00BC16F5 /* ___Tests.swift in Sources */,
			);
			runOnlyForDeploymentPostprocessing = 0;
		};
		0E3EAB5E1E88BDCD00BC16F5 /* Sources */ = {
			isa = PBXSourcesBuildPhase;
			buildActionMask = 2147483647;
			files = (
				0E3EAB671E88BDCD00BC16F5 /* ___UITests.swift in Sources */,
			);
			runOnlyForDeploymentPostprocessing = 0;
		};
/* End PBXSourcesBuildPhase section */

/* Begin PBXTargetDependency section */
		0E3EAB591E88BDCD00BC16F5 /* PBXTargetDependency */ = {
			isa = PBXTargetDependency;
			target = 0E3EAB421E88BDCC00BC16F5 /* 计分器 */;
			targetProxy = 0E3EAB581E88BDCD00BC16F5 /* PBXContainerItemProxy */;
		};
		0E3EAB641E88BDCD00BC16F5 /* PBXTargetDependency */ = {
			isa = PBXTargetDependency;
			target = 0E3EAB421E88BDCC00BC16F5 /* 计分器 */;
			targetProxy = 0E3EAB631E88BDCD00BC16F5 /* PBXContainerItemProxy */;
		};
/* End PBXTargetDependency section */

/* Begin PBXVariantGroup section */
		0E3EAB4A1E88BDCD00BC16F5 /* Main.storyboard */ = {
			isa = PBXVariantGroup;
			children = (
				0E3EAB4B1E88BDCD00BC16F5 /* Base */,
			);
			name = Main.storyboard;
			sourceTree = "<group>";
		};
		0E3EAB4F1E88BDCD00BC16F5 /* LaunchScreen.storyboard */ = {
			isa = PBXVariantGroup;
			children = (
				0E3EAB501E88BDCD00BC16F5 /* Base */,
			);
			name = LaunchScreen.storyboard;
			sourceTree = "<group>";
		};
/* End PBXVariantGroup section */

/* Begin XCBuildConfiguration section */
		0E3EAB691E88BDCD00BC16F5 /* Debug */ = {
			isa = XCBuildConfiguration;
			buildSettings = {
				ALWAYS_SEARCH_USER_PATHS = NO;
				CLANG_ANALYZER_NONNULL = YES;
				CLANG_CXX_LANGUAGE_STANDARD = "gnu++0x";
				CLANG_CXX_LIBRARY = "libc++";
				CLANG_ENABLE_MODULES = YES;
				CLANG_ENABLE_OBJC_ARC = YES;
				CLANG_WARN_BOOL_CONVERSION = YES;
				CLANG_WARN_CONSTANT_CONVERSION = YES;
				CLANG_WARN_DIRECT_OBJC_ISA_USAGE = YES_ERROR;
				CLANG_WARN_DOCUMENTATION_COMMENTS = YES;
				CLANG_WARN_EMPTY_BODY = YES;
				CLANG_WARN_ENUM_CONVERSION = YES;
				CLANG_WARN_INFINITE_RECURSION = YES;
				CLANG_WARN_INT_CONVERSION = YES;
				CLANG_WARN_OBJC_ROOT_CLASS = YES_ERROR;
				CLANG_WARN_SUSPICIOUS_MOVE = YES;
				CLANG_WARN_UNREACHABLE_CODE = YES;
				CLANG_WARN__DUPLICATE_METHOD_MATCH = YES;
				"CODE_SIGN_IDENTITY[sdk=iphoneos*]" = "iPhone Developer";
				COPY_PHASE_STRIP = NO;
				DEBUG_INFORMATION_FORMAT = dwarf;
				ENABLE_STRICT_OBJC_MSGSEND = YES;
				ENABLE_TESTABILITY = YES;
				GCC_C_LANGUAGE_STANDARD = gnu99;
				GCC_DYNAMIC_NO_PIC = NO;
				GCC_NO_COMMON_BLOCKS = YES;
				GCC_OPTIMIZATION_LEVEL = 0;
				GCC_PREPROCESSOR_DEFINITIONS = (
					"DEBUG=1",
					"$(inherited)",
				);
				GCC_WARN_64_TO_32_BIT_CONVERSION = YES;
				GCC_WARN_ABOUT_RETURN_TYPE = YES_ERROR;
				GCC_WARN_UNDECLARED_SELECTOR = YES;
				GCC_WARN_UNINITIALIZED_AUTOS = YES_AGGRESSIVE;
				GCC_WARN_UNUSED_FUNCTION = YES;
				GCC_WARN_UNUSED_VARIABLE = YES;
				IPHONEOS_DEPLOYMENT_TARGET = 10.2;
				MTL_ENABLE_DEBUG_INFO = YES;
				ONLY_ACTIVE_ARCH = YES;
				SDKROOT = iphoneos;
				SWIFT_ACTIVE_COMPILATION_CONDITIONS = DEBUG;
				SWIFT_OPTIMIZATION_LEVEL = "-Onone";
				TARGETED_DEVICE_FAMILY = "1,2";
			};
			name = Debug;
		};
		0E3EAB6A1E88BDCD00BC16F5 /* Release */ = {
			isa = XCBuildConfiguration;
			buildSettings = {
				ALWAYS_SEARCH_USER_PATHS = NO;
				CLANG_ANALYZER_NONNULL = YES;
				CLANG_CXX_LANGUAGE_STANDARD = "gnu++0x";
				CLANG_CXX_LIBRARY = "libc++";
				CLANG_ENABLE_MODULES = YES;
				CLANG_ENABLE_OBJC_ARC = YES;
				CLANG_WARN_BOOL_CONVERSION = YES;
				CLANG_WARN_CONSTANT_CONVERSION = YES;
				CLANG_WARN_DIRECT_OBJC_ISA_USAGE = YES_ERROR;
				CLANG_WARN_DOCUMENTATION_COMMENTS = YES;
				CLANG_WARN_EMPTY_BODY = YES;
				CLANG_WARN_ENUM_CONVERSION = YES;
				CLANG_WARN_INFINITE_RECURSION = YES;
				CLANG_WARN_INT_CONVERSION = YES;
				CLANG_WARN_OBJC_ROOT_CLASS = YES_ERROR;
				CLANG_WARN_SUSPICIOUS_MOVE = YES;
				CLANG_WARN_UNREACHABLE_CODE = YES;
				CLANG_WARN__DUPLICATE_METHOD_MATCH = YES;
				"CODE_SIGN_IDENTITY[sdk=iphoneos*]" = "iPhone Developer";
				COPY_PHASE_STRIP = NO;
				DEBUG_INFORMATION_FORMAT = "dwarf-with-dsym";
				ENABLE_NS_ASSERTIONS = NO;
				ENABLE_STRICT_OBJC_MSGSEND = YES;
				GCC_C_LANGUAGE_STANDARD = gnu99;
				GCC_NO_COMMON_BLOCKS = YES;
				GCC_WARN_64_TO_32_BIT_CONVERSION = YES;
				GCC_WARN_ABOUT_RETURN_TYPE = YES_ERROR;
				GCC_WARN_UNDECLARED_SELECTOR = YES;
				GCC_WARN_UNINITIALIZED_AUTOS = YES_AGGRESSIVE;
				GCC_WARN_UNUSED_FUNCTION = YES;
				GCC_WARN_UNUSED_VARIABLE = YES;
				IPHONEOS_DEPLOYMENT_TARGET = 10.2;
				MTL_ENABLE_DEBUG_INFO = NO;
				SDKROOT = iphoneos;
				SWIFT_OPTIMIZATION_LEVEL = "-Owholemodule";
				TARGETED_DEVICE_FAMILY = "1,2";
				VALIDATE_PRODUCT = YES;
			};
			name = Release;
		};
		0E3EAB6C1E88BDCD00BC16F5 /* Debug */ = {
			isa = XCBuildConfiguration;
			buildSettings = {
				ASSETCATALOG_COMPILER_APPICON_NAME = AppIcon;
				INFOPLIST_FILE = "计分器/Info.plist";
				LD_RUNPATH_SEARCH_PATHS = "$(inherited) @executable_path/Frameworks";
				PRODUCT_BUNDLE_IDENTIFIER = "imnu.edu.cn.---";
				PRODUCT_NAME = "$(TARGET_NAME)";
				SWIFT_VERSION = 3.0;
			};
			name = Debug;
		};
		0E3EAB6D1E88BDCD00BC16F5 /* Release */ = {
			isa = XCBuildConfiguration;
			buildSettings = {
				ASSETCATALOG_COMPILER_APPICON_NAME = AppIcon;
				INFOPLIST_FILE = "计分器/Info.plist";
				LD_RUNPATH_SEARCH_PATHS = "$(inherited) @executable_path/Frameworks";
				PRODUCT_BUNDLE_IDENTIFIER = "imnu.edu.cn.---";
				PRODUCT_NAME = "$(TARGET_NAME)";
				SWIFT_VERSION = 3.0;
			};
			name = Release;
		};
		0E3EAB6F1E88BDCD00BC16F5 /* Debug */ = {
			isa = XCBuildConfiguration;
			buildSettings = {
				ALWAYS_EMBED_SWIFT_STANDARD_LIBRARIES = YES;
				BUNDLE_LOADER = "$(TEST_HOST)";
				INFOPLIST_FILE = "计分器Tests/Info.plist";
				LD_RUNPATH_SEARCH_PATHS = "$(inherited) @executable_path/Frameworks @loader_path/Frameworks";
				PRODUCT_BUNDLE_IDENTIFIER = "imnu.edu.cn.---Tests";
				PRODUCT_NAME = "$(TARGET_NAME)";
				SWIFT_VERSION = 3.0;
				TEST_HOST = "$(BUILT_PRODUCTS_DIR)/计分器.app/计分器";
			};
			name = Debug;
		};
		0E3EAB701E88BDCD00BC16F5 /* Release */ = {
			isa = XCBuildConfiguration;
			buildSettings = {
				ALWAYS_EMBED_SWIFT_STANDARD_LIBRARIES = YES;
				BUNDLE_LOADER = "$(TEST_HOST)";
				INFOPLIST_FILE = "计分器Tests/Info.plist";
				LD_RUNPATH_SEARCH_PATHS = "$(inherited) @executable_path/Frameworks @loader_path/Frameworks";
				PRODUCT_BUNDLE_IDENTIFIER = "imnu.edu.cn.---Tests";
				PRODUCT_NAME = "$(TARGET_NAME)";
				SWIFT_VERSION = 3.0;
				TEST_HOST = "$(BUILT_PRODUCTS_DIR)/计分器.app/计分器";
			};
			name = Release;
		};
		0E3EAB721E88BDCD00BC16F5 /* Debug */ = {
			isa = XCBuildConfiguration;
			buildSettings = {
				ALWAYS_EMBED_SWIFT_STANDARD_LIBRARIES = YES;
				INFOPLIST_FILE = "计分器UITests/Info.plist";
				LD_RUNPATH_SEARCH_PATHS = "$(inherited) @executable_path/Frameworks @loader_path/Frameworks";
				PRODUCT_BUNDLE_IDENTIFIER = "imnu.edu.cn.---UITests";
				PRODUCT_NAME = "$(TARGET_NAME)";
				SWIFT_VERSION = 3.0;
				TEST_TARGET_NAME = "计分器";
			};
			name = Debug;
		};
		0E3EAB731E88BDCD00BC16F5 /* Release */ = {
			isa = XCBuildConfiguration;
			buildSettings = {
				ALWAYS_EMBED_SWIFT_STANDARD_LIBRARIES = YES;
				INFOPLIST_FILE = "计分器UITests/Info.plist";
				LD_RUNPATH_SEARCH_PATHS = "$(inherited) @executable_path/Frameworks @loader_path/Frameworks";
				PRODUCT_BUNDLE_IDENTIFIER = "imnu.edu.cn.---UITests";
				PRODUCT_NAME = "$(TARGET_NAME)";
				SWIFT_VERSION = 3.0;
				TEST_TARGET_NAME = "计分器";
			};
			name = Release;
		};
/* End XCBuildConfiguration section */

/* Begin XCConfigurationList section */
		0E3EAB3E1E88BDCC00BC16F5 /* Build configuration list for PBXProject "计分器" */ = {
			isa = XCConfigurationList;
			buildConfigurations = (
				0E3EAB691E88BDCD00BC16F5 /* Debug */,
				0E3EAB6A1E88BDCD00BC16F5 /* Release */,
			);
			defaultConfigurationIsVisible = 0;
			defaultConfigurationName = Release;
		};
		0E3EAB6B1E88BDCD00BC16F5 /* Build configuration list for PBXNativeTarget "计分器" */ = {
			isa = XCConfigurationList;
			buildConfigurations = (
				0E3EAB6C1E88BDCD00BC16F5 /* Debug */,
				0E3EAB6D1E88BDCD00BC16F5 /* Release */,
			);
			defaultConfigurationIsVisible = 0;
		};
		0E3EAB6E1E88BDCD00BC16F5 /* Build configuration list for PBXNativeTarget "计分器Tests" */ = {
			isa = XCConfigurationList;
			buildConfigurations = (
				0E3EAB6F1E88BDCD00BC16F5 /* Debug */,
				0E3EAB701E88BDCD00BC16F5 /* Release */,
			);
			defaultConfigurationIsVisible = 0;
		};
		0E3EAB711E88BDCD00BC16F5 /* Build configuration list for PBXNativeTarget "计分器UITests" */ = {
			isa = XCConfigurationList;
			buildConfigurations = (
				0E3EAB721E88BDCD00BC16F5 /* Debug */,
				0E3EAB731E88BDCD00BC16F5 /* Release */,
			);
			defaultConfigurationIsVisible = 0;
		};
/* End XCConfigurationList section */
	};
	rootObject = 0E3EAB3B1E88BDCC00BC16F5 /* Project object */;
}
